
Microsoft Visual Studio Solution File, Format Version 12.00
# Visual Studio 2012
Project("{FAE04EC0-301F-11D3-BF4B-00C04F79EFBC}") = "XSVimMode", "XSVimMode\XSVimMode.csproj", "{BB6A7BF9-CAE5-4939-AD7B-2FA3CF4BD178}"
EndProject
Global
	GlobalSection(SolutionConfigurationPlatforms) = preSolution
		Debug|Any CPU = Debug|Any CPU
		Release|Any CPU = Release|Any CPU
	EndGlobalSection
	GlobalSection(ProjectConfigurationPlatforms) = postSolution
		{BB6A7BF9-CAE5-4939-AD7B-2FA3CF4BD178}.Debug|Any CPU.ActiveCfg = Debug|Any CPU
		{BB6A7BF9-CAE5-4939-AD7B-2FA3CF4BD178}.Debug|Any CPU.Build.0 = Debug|Any CPU
		{BB6A7BF9-CAE5-4939-AD7B-2FA3CF4BD178}.Release|Any CPU.ActiveCfg = Release|Any CPU
		{BB6A7BF9-CAE5-4939-AD7B-2FA3CF4BD178}.Release|Any CPU.Build.0 = Release|Any CPU
	EndGlobalSection
EndGlobal
